Microsoft Visual Studio Solution File, Format Version 12.00
# Visual Studio Version 16
VisualStudioVersion = 16.0.31624.102
MinimumVisualStudioVersion = 10.0.40219.1
Project("{FAE04EC0-301F-11D3-BF4B-00C04F79EFBC}") = "ApiCatalogoJogos", "ApiCatalogoJogos\ApiCatalogoJogos.csproj", "{A87813E6-CE88-47CE-BE2B-22F2A381F21E}"
EndProject
Global
	GlobalSection(SolutionConfigurationPlatforms) = preSolution
		Debug|Any CPU = Debug|Any CPU
		Release|Any CPU = Release|Any CPU
	EndGlobalSection
	GlobalSection(ProjectConfigurationPlatforms) = postSolution
		{A87813E6-CE88-47CE-BE2B-22F2A381F21E}.Debug|Any CPU.ActiveCfg = Debug|Any CPU
		{A87813E6-CE88-47CE-BE2B-22F2A381F21E}.Debug|Any CPU.Build.0 = Debug|Any CPU
		{A87813E6-CE88-47CE-BE2B-22F2A381F21E}.Release|Any CPU.ActiveCfg = Release|Any CPU
		{A87813E6-CE88-47CE-BE2B-22F2A381F21E}.Release|Any CPU.Build.0 = Release|Any CPU
	EndGlobalSection
	GlobalSection(SolutionProperties) = preSolution
		HideSolutionNode = FALSE
	EndGlobalSection
	GlobalSection(ExtensibilityGlobals) = postSolution
		SolutionGuid = {634FD7C2-FF94-454C-B6B6-E601B839A93F}
	EndGlobalSection
EndGlobal
